
Microsoft Visual Studio Solution File, Format Version 12.00
# Visual Studio Version 17
VisualStudioVersion = 17.6.33723.286
MinimumVisualStudioVersion = 10.0.40219.1
Project("{FAE04EC0-301F-11D3-BF4B-00C04F79EFBC}") = "TodoAPI", "TodoAPI\TodoAPI.csproj", "{E69BE3A2-82CF-4C6D-BE95-4F70E1E64AEE}"
EndProject
Global
	GlobalSection(SolutionConfigurationPlatforms) = preSolution
		Debug|Any CPU = Debug|Any CPU
		Release|Any CPU = Release|Any CPU
	EndGlobalSection
	GlobalSection(ProjectConfigurationPlatforms) = postSolution
		{E69BE3A2-82CF-4C6D-BE95-4F70E1E64AEE}.Debug|Any CPU.ActiveCfg = Debug|Any CPU
		{E69BE3A2-82CF-4C6D-BE95-4F70E1E64AEE}.Debug|Any CPU.Build.0 = Debug|Any CPU
		{E69BE3A2-82CF-4C6D-BE95-4F70E1E64AEE}.Release|Any CPU.ActiveCfg = Release|Any CPU
		{E69BE3A2-82CF-4C6D-BE95-4F70E1E64AEE}.Release|Any CPU.Build.0 = Release|Any CPU
	EndGlobalSection
	GlobalSection(SolutionProperties) = preSolution
		HideSolutionNode = FALSE
	EndGlobalSection
	GlobalSection(ExtensibilityGlobals) = postSolution
		SolutionGuid = {66EB2E09-31F4-4B16-B57D-46335B0AAE3D}
	EndGlobalSection
EndGlobal
